// !$*UTF8*$!
{
	archiveVersion = 1;
	classes = {
	};
	objectVersion = 46;
	objects = {

/* Begin PBXBuildFile section */
		1453C3AB1A870BC4002A28A4 /* TubulrVideoURL_TableVC.m in Sources */ = {isa = PBXBuildFile; fileRef = 1453C3A91A870BC4002A28A4 /* TubulrVideoURL_TableVC.m */; };
		1453C3AC1A870BC4002A28A4 /* TubulrVideoURL_TableVC.xib in Resources */ = {isa = PBXBuildFile; fileRef = 1453C3AA1A870BC4002A28A4 /* TubulrVideoURL_TableVC.xib */; };
		146649C21A86BAE80089E048 /* YoutubeTest_mainpage.html in Resources */ = {isa = PBXBuildFile; fileRef = 146649C11A86BAE80089E048 /* YoutubeTest_mainpage.html */; };
		146649C41A86BCD60089E048 /* YoutubeTest_buzzfeed.html in Resources */ = {isa = PBXBuildFile; fileRef = 146649C31A86BCD60089E048 /* YoutubeTest_buzzfeed.html */; };
		146649C71A86BCE00089E048 /* VimeoTest_mainpage.html in Resources */ = {isa = PBXBuildFile; fileRef = 146649C51A86BCE00089E048 /* VimeoTest_mainpage.html */; };
		146649C81A86BCE00089E048 /* VimeoTest_catthoughts.html in Resources */ = {isa = PBXBuildFile; fileRef = 146649C61A86BCE00089E048 /* VimeoTest_catthoughts.html */; };
		7B3EF8CA8AE35B28ABEDA658 /* libPods-TubulrExtensionTests.a in Frameworks */ = {isa = PBXBuildFile; fileRef = FFE86017F5B4D359B62977FC /* libPods-TubulrExtensionTests.a */; };
		7DF468A8AC2BD65F9EB3622C /* libPods-TubulrShare.a in Frameworks */ = {isa = PBXBuildFile; fileRef = AB45B77CFE71807D3B54D026 /* libPods-TubulrShare.a */; };
		85CBB3C24C2E00AE217F1491 /* libPods-TubulrExtension.a in Frameworks */ = {isa = PBXBuildFile; fileRef = 5A33CD710FD6082258402F5D /* libPods-TubulrExtension.a */; };
		B10CA6D51A775997009CB360 /* TubulrShareTestsSpec.m in Sources */ = {isa = PBXBuildFile; fileRef = B10CA6D41A775997009CB360 /* TubulrShareTestsSpec.m */; };
		B153E7CC1A70E5DB006CCBCA /* TubularView.xib in Resources */ = {isa = PBXBuildFile; fileRef = B153E7CB1A70E5DB006CCBCA /* TubularView.xib */; };
		B153E7CF1A70E8FD006CCBCA /* TubularView.m in Sources */ = {isa = PBXBuildFile; fileRef = B153E7CE1A70E8FD006CCBCA /* TubularView.m */; };
		B1639AE21A81E37D00D0722E /* ServiceAPIManager.m in Sources */ = {isa = PBXBuildFile; fileRef = B1639AE11A81E37D00D0722E /* ServiceAPIManager.m */; };
		B1639AE31A81E37D00D0722E /* ServiceAPIManager.m in Sources */ = {isa = PBXBuildFile; fileRef = B1639AE11A81E37D00D0722E /* ServiceAPIManager.m */; };
		B1639AE61A81E48700D0722E /* VimeoVideo.m in Sources */ = {isa = PBXBuildFile; fileRef = B1639AE51A81E48700D0722E /* VimeoVideo.m */; };
		B1639AE71A81E48700D0722E /* VimeoVideo.m in Sources */ = {isa = PBXBuildFile; fileRef = B1639AE51A81E48700D0722E /* VimeoVideo.m */; };
		B19388231A83589500771FC4 /* YoutubeVideo.m in Sources */ = {isa = PBXBuildFile; fileRef = B19388221A83589500771FC4 /* YoutubeVideo.m */; };
		B19388241A83589500771FC4 /* YoutubeVideo.m in Sources */ = {isa = PBXBuildFile; fileRef = B19388221A83589500771FC4 /* YoutubeVideo.m */; };
		B19D19FE1A70B1F100563321 /* main.m in Sources */ = {isa = PBXBuildFile; fileRef = B19D19FD1A70B1F100563321 /* main.m */; };
		B19D1A011A70B1F100563321 /* AppDelegate.m in Sources */ = {isa = PBXBuildFile; fileRef = B19D1A001A70B1F100563321 /* AppDelegate.m */; };
		B19D1A041A70B1F100563321 /* ViewController.m in Sources */ = {isa = PBXBuildFile; fileRef = B19D1A031A70B1F100563321 /* ViewController.m */; };
		B19D1A071A70B1F100563321 /* Main.storyboard in Resources */ = {isa = PBXBuildFile; fileRef = B19D1A051A70B1F100563321 /* Main.storyboard */; };
		B19D1A091A70B1F100563321 /* Images.xcassets in Resources */ = {isa = PBXBuildFile; fileRef = B19D1A081A70B1F100563321 /* Images.xcassets */; };
		B19D1A0C1A70B1F100563321 /* LaunchScreen.xib in Resources */ = {isa = PBXBuildFile; fileRef = B19D1A0A1A70B1F100563321 /* LaunchScreen.xib */; };
		B19D1A2B1A70B24500563321 /* ShareViewController.m in Sources */ = {isa = PBXBuildFile; fileRef = B19D1A2A1A70B24500563321 /* ShareViewController.m */; };
		B19D1A301A70B24500563321 /* TubulrShare.appex in Embed App Extensions */ = {isa = PBXBuildFile; fileRef = B19D1A251A70B24500563321 /* TubulrShare.appex */; settings = {ATTRIBUTES = (RemoveHeadersOnCopy, ); }; };
/* End PBXBuildFile section */

/* Begin PBXContainerItemProxy section */
		B10CA6D61A775C3A009CB360 /* PBXContainerItemProxy */ = {
			isa = PBXContainerItemProxy;
			containerPortal = B19D19F01A70B1F100563321 /* Project object */;
			proxyType = 1;
			remoteGlobalIDString = B19D1A241A70B24500563321;
			remoteInfo = TubulrShare;
		};
		B19D1A121A70B1F100563321 /* PBXContainerItemProxy */ = {
			isa = PBXContainerItemProxy;
			containerPortal = B19D19F01A70B1F100563321 /* Project object */;
			proxyType = 1;
			remoteGlobalIDString = B19D19F71A70B1F100563321;
			remoteInfo = TubulrExtension;
		};
		B19D1A2E1A70B24500563321 /* PBXContainerItemProxy */ = {
			isa = PBXContainerItemProxy;
			containerPortal = B19D19F01A70B1F100563321 /* Project object */;
			proxyType = 1;
			remoteGlobalIDString = B19D1A241A70B24500563321;
			remoteInfo = TubulrShare;
		};
/* End PBXContainerItemProxy section */

/* Begin PBXCopyFilesBuildPhase section */
		B19D1A341A70B24500563321 /* Embed App Extensions */ = {
			isa = PBXCopyFilesBuildPhase;
			buildActionMask = 2147483647;
			dstPath = "";
			dstSubfolderSpec = 13;
			files = (
				B19D1A301A70B24500563321 /* TubulrShare.appex in Embed App Extensions */,
			);
			name = "Embed App Extensions";
			runOnlyForDeploymentPostprocessing = 0;
		};
/* End PBXCopyFilesBuildPhase section */

/* Begin PBXFileReference section */
		1453C3A81A870BC4002A28A4 /* TubulrVideoURL_TableVC.h */ = {isa = PBXFileReference; fileEncoding = 4; lastKnownFileType = sourcecode.c.h; path = TubulrVideoURL_TableVC.h; sourceTree = "<group>"; };
		1453C3A91A870BC4002A28A4 /* TubulrVideoURL_TableVC.m */ = {isa = PBXFileReference; fileEncoding = 4; lastKnownFileType = sourcecode.c.objc; path = TubulrVideoURL_TableVC.m; sourceTree = "<group>"; };
		1453C3AA1A870BC4002A28A4 /* TubulrVideoURL_TableVC.xib */ = {isa = PBXFileReference; fileEncoding = 4; lastKnownFileType = file.xib; path = TubulrVideoURL_TableVC.xib; sourceTree = "<group>"; };
		146649C11A86BAE80089E048 /* YoutubeTest_mainpage.html */ = {isa = PBXFileReference; fileEncoding = 4; lastKnownFileType = text.html; path = YoutubeTest_mainpage.html; sourceTree = "<group>"; };
		146649C31A86BCD60089E048 /* YoutubeTest_buzzfeed.html */ = {isa = PBXFileReference; fileEncoding = 4; lastKnownFileType = text.html; path = YoutubeTest_buzzfeed.html; sourceTree = "<group>"; };
		146649C51A86BCE00089E048 /* VimeoTest_mainpage.html */ = {isa = PBXFileReference; fileEncoding = 4; lastKnownFileType = text.html; path = VimeoTest_mainpage.html; sourceTree = "<group>"; };
		146649C61A86BCE00089E048 /* VimeoTest_catthoughts.html */ = {isa = PBXFileReference; fileEncoding = 4; lastKnownFileType = text.html; path = VimeoTest_catthoughts.html; sourceTree = "<group>"; };
		23852FB9CED180D14A077714 /* Pods-TubulrExtension.debug.xcconfig */ = {isa = PBXFileReference; includeInIndex = 1; lastKnownFileType = text.xcconfig; name = "Pods-TubulrExtension.debug.xcconfig"; path = "Pods/Target Support Files/Pods-TubulrExtension/Pods-TubulrExtension.debug.xcconfig"; sourceTree = "<group>"; };
		5A33CD710FD6082258402F5D /* libPods-TubulrExtension.a */ = {isa = PBXFileReference; explicitFileType = archive.ar; includeInIndex = 0; path = "libPods-TubulrExtension.a"; sourceTree = BUILT_PRODUCTS_DIR; };
		76EB5CBDBF2E094388ED3AF8 /* Pods-TubulrExtensionTests.debug.xcconfig */ = {isa = PBXFileReference; includeInIndex = 1; lastKnownFileType = text.xcconfig; name = "Pods-TubulrExtensionTests.debug.xcconfig"; path = "Pods/Target Support Files/Pods-TubulrExtensionTests/Pods-TubulrExtensionTests.debug.xcconfig"; sourceTree = "<group>"; };
		85C16E930C562A5ED14084C5 /* Pods-TubulrExtensionTests.release.xcconfig */ = {isa = PBXFileReference; includeInIndex = 1; lastKnownFileType = text.xcconfig; name = "Pods-TubulrExtensionTests.release.xcconfig"; path = "Pods/Target Support Files/Pods-TubulrExtensionTests/Pods-TubulrExtensionTests.release.xcconfig"; sourceTree = "<group>"; };
		AB45B77CFE71807D3B54D026 /* libPods-TubulrShare.a */ = {isa = PBXFileReference; explicitFileType = archive.ar; includeInIndex = 0; path = "libPods-TubulrShare.a"; sourceTree = BUILT_PRODUCTS_DIR; };
		B10CA6D41A775997009CB360 /* TubulrShareTestsSpec.m */ = {isa = PBXFileReference; fileEncoding = 4; lastKnownFileType = sourcecode.c.objc; path = TubulrShareTestsSpec.m; sourceTree = "<group>"; };
		B153E7C91A70E4CD006CCBCA /* MainInterface.storyboard */ = {isa = PBXFileReference; fileEncoding = 4; lastKnownFileType = file.storyboard; path = MainInterface.storyboard; sourceTree = "<group>"; };
		B153E7CB1A70E5DB006CCBCA /* TubularView.xib */ = {isa = PBXFileReference; fileEncoding = 4; lastKnownFileType = file.xib; path = TubularView.xib; sourceTree = "<group>"; };
		B153E7CD1A70E8FD006CCBCA /* TubularView.h */ = {isa = PBXFileReference; fileEncoding = 4; lastKnownFileType = sourcecode.c.h; path = TubularView.h; sourceTree = "<group>"; };
		B153E7CE1A70E8FD006CCBCA /* TubularView.m */ = {isa = PBXFileReference; fileEncoding = 4; lastKnownFileType = sourcecode.c.objc; path = TubularView.m; sourceTree = "<group>"; };
		B1639AE01A81E37D00D0722E /* ServiceAPIManager.h */ = {isa = PBXFileReference; fileEncoding = 4; lastKnownFileType = sourcecode.c.h; path = ServiceAPIManager.h; sourceTree = "<group>"; };
		B1639AE11A81E37D00D0722E /* ServiceAPIManager.m */ = {isa = PBXFileReference; fileEncoding = 4; lastKnownFileType = sourcecode.c.objc; path = ServiceAPIManager.m; sourceTree = "<group>"; };
		B1639AE41A81E48700D0722E /* VimeoVideo.h */ = {isa = PBXFileReference; fileEncoding = 4; lastKnownFileType = sourcecode.c.h; path = VimeoVideo.h; sourceTree = "<group>"; };
		B1639AE51A81E48700D0722E /* VimeoVideo.m */ = {isa = PBXFileReference; fileEncoding = 4; lastKnownFileType = sourcecode.c.objc; path = VimeoVideo.m; sourceTree = "<group>"; };
		B19388211A83589500771FC4 /* YoutubeVideo.h */ = {isa = PBXFileReference; fileEncoding = 4; lastKnownFileType = sourcecode.c.h; path = YoutubeVideo.h; sourceTree = "<group>"; };
		B19388221A83589500771FC4 /* YoutubeVideo.m */ = {isa = PBXFileReference; fileEncoding = 4; lastKnownFileType = sourcecode.c.objc; path = YoutubeVideo.m; sourceTree = "<group>"; };
		B19D19F81A70B1F100563321 /* TubulrExtension.app */ = {isa = PBXFileReference; explicitFileType = wrapper.application; includeInIndex = 0; path = TubulrExtension.app; sourceTree = BUILT_PRODUCTS_DIR; };
		B19D19FC1A70B1F100563321 /* Info.plist */ = {isa = PBXFileReference; lastKnownFileType = text.plist.xml; path = Info.plist; sourceTree = "<group>"; };
		B19D19FD1A70B1F100563321 /* main.m */ = {isa = PBXFileReference; lastKnownFileType = sourcecode.c.objc; path = main.m; sourceTree = "<group>"; };
		B19D19FF1A70B1F100563321 /* AppDelegate.h */ = {isa = PBXFileReference; lastKnownFileType = sourcecode.c.h; path = AppDelegate.h; sourceTree = "<group>"; };
		B19D1A001A70B1F100563321 /* AppDelegate.m */ = {isa = PBXFileReference; lastKnownFileType = sourcecode.c.objc; path = AppDelegate.m; sourceTree = "<group>"; };
		B19D1A021A70B1F100563321 /* ViewController.h */ = {isa = PBXFileReference; lastKnownFileType = sourcecode.c.h; path = ViewController.h; sourceTree = "<group>"; };
		B19D1A031A70B1F100563321 /* ViewController.m */ = {isa = PBXFileReference; lastKnownFileType = sourcecode.c.objc; path = ViewController.m; sourceTree = "<group>"; };
		B19D1A061A70B1F100563321 /* Base */ = {isa = PBXFileReference; lastKnownFileType = file.storyboard; name = Base; path = Base.lproj/Main.storyboard; sourceTree = "<group>"; };
		B19D1A081A70B1F100563321 /* Images.xcassets */ = {isa = PBXFileReference; lastKnownFileType = folder.assetcatalog; path = Images.xcassets; sourceTree = "<group>"; };
		B19D1A0B1A70B1F100563321 /* Base */ = {isa = PBXFileReference; lastKnownFileType = file.xib; name = Base; path = Base.lproj/LaunchScreen.xib; sourceTree = "<group>"; };
		B19D1A111A70B1F100563321 /* TubulrExtensionTests.xctest */ = {isa = PBXFileReference; explicitFileType = wrapper.cfbundle; includeInIndex = 0; path = TubulrExtensionTests.xctest; sourceTree = BUILT_PRODUCTS_DIR; };
		B19D1A161A70B1F100563321 /* Info.plist */ = {isa = PBXFileReference; lastKnownFileType = text.plist.xml; path = Info.plist; sourceTree = "<group>"; };
		B19D1A171A70B1F100563321 /* TubulrExtensionTests.m */ = {isa = PBXFileReference; lastKnownFileType = sourcecode.c.objc; path = TubulrExtensionTests.m; sourceTree = "<group>"; };
		B19D1A251A70B24500563321 /* TubulrShare.appex */ = {isa = PBXFileReference; explicitFileType = "wrapper.app-extension"; includeInIndex = 0; path = TubulrShare.appex; sourceTree = BUILT_PRODUCTS_DIR; };
		B19D1A281A70B24500563321 /* Info.plist */ = {isa = PBXFileReference; lastKnownFileType = text.plist.xml; path = Info.plist; sourceTree = "<group>"; };
		B19D1A291A70B24500563321 /* ShareViewController.h */ = {isa = PBXFileReference; lastKnownFileType = sourcecode.c.h; path = ShareViewController.h; sourceTree = "<group>"; };
		B19D1A2A1A70B24500563321 /* ShareViewController.m */ = {isa = PBXFileReference; lastKnownFileType = sourcecode.c.objc; path = ShareViewController.m; sourceTree = "<group>"; };
		B19D1A351A70B26700563321 /* TubulrShare.entitlements */ = {isa = PBXFileReference; lastKnownFileType = text.xml; path = TubulrShare.entitlements; sourceTree = "<group>"; };
		B19D1A361A70B2C300563321 /* TubulrExtension.entitlements */ = {isa = PBXFileReference; lastKnownFileType = text.xml; path = TubulrExtension.entitlements; sourceTree = "<group>"; };
		B7DDE6A68CFE6C040F691381 /* Pods-TubulrShare.debug.xcconfig */ = {isa = PBXFileReference; includeInIndex = 1; lastKnownFileType = text.xcconfig; name = "Pods-TubulrShare.debug.xcconfig"; path = "Pods/Target Support Files/Pods-TubulrShare/Pods-TubulrShare.debug.xcconfig"; sourceTree = "<group>"; };
		CB4FCFAB579FBA7F4476DDBD /* Pods-TubulrExtension.release.xcconfig */ = {isa = PBXFileReference; includeInIndex = 1; lastKnownFileType = text.xcconfig; name = "Pods-TubulrExtension.release.xcconfig"; path = "Pods/Target Support Files/Pods-TubulrExtension/Pods-TubulrExtension.release.xcconfig"; sourceTree = "<group>"; };
		D59C80F2329FFFAE8D541413 /* Pods-TubulrShare.release.xcconfig */ = {isa = PBXFileReference; includeInIndex = 1; lastKnownFileType = text.xcconfig; name = "Pods-TubulrShare.release.xcconfig"; path = "Pods/Target Support Files/Pods-TubulrShare/Pods-TubulrShare.release.xcconfig"; sourceTree = "<group>"; };
		FFE86017F5B4D359B62977FC /* libPods-TubulrExtensionTests.a */ = {isa = PBXFileReference; explicitFileType = archive.ar; includeInIndex = 0; path = "libPods-TubulrExtensionTests.a"; sourceTree = BUILT_PRODUCTS_DIR; };
/* End PBXFileReference section */

/* Begin PBXFrameworksBuildPhase section */
		B19D19F51A70B1F100563321 /* Frameworks */ = {
			isa = PBXFrameworksBuildPhase;
			buildActionMask = 2147483647;
			files = (
				85CBB3C24C2E00AE217F1491 /* libPods-TubulrExtension.a in Frameworks */,
			);
			runOnlyForDeploymentPostprocessing = 0;
		};
		B19D1A0E1A70B1F100563321 /* Frameworks */ = {
			isa = PBXFrameworksBuildPhase;
			buildActionMask = 2147483647;
			files = (
				7B3EF8CA8AE35B28ABEDA658 /* libPods-TubulrExtensionTests.a in Frameworks */,
			);
			runOnlyForDeploymentPostprocessing = 0;
		};
		B19D1A221A70B24500563321 /* Frameworks */ = {
			isa = PBXFrameworksBuildPhase;
			buildActionMask = 2147483647;
			files = (
				7DF468A8AC2BD65F9EB3622C /* libPods-TubulrShare.a in Frameworks */,
			);
			runOnlyForDeploymentPostprocessing = 0;
		};
/* End PBXFrameworksBuildPhase section */

/* Begin PBXGroup section */
		1453C3AD1A870BCC002A28A4 /* Tubulr View */ = {
			isa = PBXGroup;
			children = (
				B153E7CB1A70E5DB006CCBCA /* TubularView.xib */,
				B153E7CD1A70E8FD006CCBCA /* TubularView.h */,
				B153E7CE1A70E8FD006CCBCA /* TubularView.m */,
			);
			name = "Tubulr View";
			sourceTree = "<group>";
		};
		1453C3AE1A870BD8002A28A4 /* Tubulr URL View Controller */ = {
			isa = PBXGroup;
			children = (
				1453C3A81A870BC4002A28A4 /* TubulrVideoURL_TableVC.h */,
				1453C3A91A870BC4002A28A4 /* TubulrVideoURL_TableVC.m */,
				1453C3AA1A870BC4002A28A4 /* TubulrVideoURL_TableVC.xib */,
			);
			name = "Tubulr URL View Controller";
			sourceTree = "<group>";
		};
		B10CA6D31A7758F1009CB360 /* UI Elements */ = {
			isa = PBXGroup;
			children = (
				B153E7C91A70E4CD006CCBCA /* MainInterface.storyboard */,
				1453C3AD1A870BCC002A28A4 /* Tubulr View */,
				1453C3AE1A870BD8002A28A4 /* Tubulr URL View Controller */,
			);
			name = "UI Elements";
			sourceTree = "<group>";
		};
		B19D19EF1A70B1F100563321 = {
			isa = PBXGroup;
			children = (
				B1639AE01A81E37D00D0722E /* ServiceAPIManager.h */,
				B1639AE11A81E37D00D0722E /* ServiceAPIManager.m */,
				B1639AE41A81E48700D0722E /* VimeoVideo.h */,
				B1639AE51A81E48700D0722E /* VimeoVideo.m */,
				B19388211A83589500771FC4 /* YoutubeVideo.h */,
				B19388221A83589500771FC4 /* YoutubeVideo.m */,
				B19D19FA1A70B1F100563321 /* Containing App */,
				B19D1A261A70B24500563321 /* Tubulr Share Extension */,
				B19D19F91A70B1F100563321 /* Products */,
				DD7753EA136F675E663D2D76 /* Pods */,
				C82287EE7FBBF680809390ED /* Frameworks */,
			);
			sourceTree = "<group>";
		};
		B19D19F91A70B1F100563321 /* Products */ = {
			isa = PBXGroup;
			children = (
				B19D19F81A70B1F100563321 /* TubulrExtension.app */,
				B19D1A111A70B1F100563321 /* TubulrExtensionTests.xctest */,
				B19D1A251A70B24500563321 /* TubulrShare.appex */,
			);
			name = Products;
			sourceTree = "<group>";
		};
		B19D19FA1A70B1F100563321 /* Containing App */ = {
			isa = PBXGroup;
			children = (
				B19D1A141A70B1F100563321 /* TubulrExtensionTests */,
				B19D1A361A70B2C300563321 /* TubulrExtension.entitlements */,
				B19D19FF1A70B1F100563321 /* AppDelegate.h */,
				B19D1A001A70B1F100563321 /* AppDelegate.m */,
				B19D1A021A70B1F100563321 /* ViewController.h */,
				B19D1A031A70B1F100563321 /* ViewController.m */,
				B19D1A051A70B1F100563321 /* Main.storyboard */,
				B19D1A081A70B1F100563321 /* Images.xcassets */,
				B19D1A0A1A70B1F100563321 /* LaunchScreen.xib */,
				B19D19FB1A70B1F100563321 /* Supporting Files */,
			);
			name = "Containing App";
			path = TubulrExtension;
			sourceTree = "<group>";
		};
		B19D19FB1A70B1F100563321 /* Supporting Files */ = {
			isa = PBXGroup;
			children = (
				B19D19FC1A70B1F100563321 /* Info.plist */,
				B19D19FD1A70B1F100563321 /* main.m */,
			);
			name = "Supporting Files";
			sourceTree = "<group>";
		};
		B19D1A141A70B1F100563321 /* TubulrExtensionTests */ = {
			isa = PBXGroup;
			children = (
				B19D1A171A70B1F100563321 /* TubulrExtensionTests.m */,
				B10CA6D41A775997009CB360 /* TubulrShareTestsSpec.m */,
				B19D1A151A70B1F100563321 /* Supporting Files */,
			);
			path = TubulrExtensionTests;
			sourceTree = SOURCE_ROOT;
		};
		B19D1A151A70B1F100563321 /* Supporting Files */ = {
			isa = PBXGroup;
			children = (
				B19D1A161A70B1F100563321 /* Info.plist */,
			);
			name = "Supporting Files";
			sourceTree = "<group>";
		};
		B19D1A261A70B24500563321 /* Tubulr Share Extension */ = {
			isa = PBXGroup;
			children = (
				B19D1A271A70B24500563321 /* Supporting Files */,
				B10CA6D31A7758F1009CB360 /* UI Elements */,
				B19D1A291A70B24500563321 /* ShareViewController.h */,
				B19D1A2A1A70B24500563321 /* ShareViewController.m */,
			);
			name = "Tubulr Share Extension";
			path = TubulrShare;
			sourceTree = "<group>";
		};
		B19D1A271A70B24500563321 /* Supporting Files */ = {
			isa = PBXGroup;
			children = (
				146649C51A86BCE00089E048 /* VimeoTest_mainpage.html */,
				146649C61A86BCE00089E048 /* VimeoTest_catthoughts.html */,
				146649C11A86BAE80089E048 /* YoutubeTest_mainpage.html */,
				146649C31A86BCD60089E048 /* YoutubeTest_buzzfeed.html */,
				B19D1A351A70B26700563321 /* TubulrShare.entitlements */,
				B19D1A281A70B24500563321 /* Info.plist */,
			);
			name = "Supporting Files";
			sourceTree = "<group>";
		};
		C82287EE7FBBF680809390ED /* Frameworks */ = {
			isa = PBXGroup;
			children = (
				FFE86017F5B4D359B62977FC /* libPods-TubulrExtensionTests.a */,
				5A33CD710FD6082258402F5D /* libPods-TubulrExtension.a */,
				AB45B77CFE71807D3B54D026 /* libPods-TubulrShare.a */,
			);
			name = Frameworks;
			sourceTree = "<group>";
		};
		DD7753EA136F675E663D2D76 /* Pods */ = {
			isa = PBXGroup;
			children = (
				76EB5CBDBF2E094388ED3AF8 /* Pods-TubulrExtensionTests.debug.xcconfig */,
				85C16E930C562A5ED14084C5 /* Pods-TubulrExtensionTests.release.xcconfig */,
				23852FB9CED180D14A077714 /* Pods-TubulrExtension.debug.xcconfig */,
				CB4FCFAB579FBA7F4476DDBD /* Pods-TubulrExtension.release.xcconfig */,
				B7DDE6A68CFE6C040F691381 /* Pods-TubulrShare.debug.xcconfig */,
				D59C80F2329FFFAE8D541413 /* Pods-TubulrShare.release.xcconfig */,
			);
			name = Pods;
			sourceTree = "<group>";
		};
/* End PBXGroup section */

/* Begin PBXNativeTarget section */
		B19D19F71A70B1F100563321 /* TubulrExtension */ = {
			isa = PBXNativeTarget;
			buildConfigurationList = B19D1A1B1A70B1F100563321 /* Build configuration list for PBXNativeTarget "TubulrExtension" */;
			buildPhases = (
				5642B7EE2231A7DA050FB1DC /* Check Pods Manifest.lock */,
				B19D19F41A70B1F100563321 /* Sources */,
				B19D19F51A70B1F100563321 /* Frameworks */,
				B19D19F61A70B1F100563321 /* Resources */,
				B19D1A341A70B24500563321 /* Embed App Extensions */,
				E2D5EFE97374E4D1E9FA5A10 /* Copy Pods Resources */,
			);
			buildRules = (
			);
			dependencies = (
				B19D1A2F1A70B24500563321 /* PBXTargetDependency */,
			);
			name = TubulrExtension;
			productName = TubulrExtension;
			productReference = B19D19F81A70B1F100563321 /* TubulrExtension.app */;
			productType = "com.apple.product-type.application";
		};
		B19D1A101A70B1F100563321 /* TubulrExtensionTests */ = {
			isa = PBXNativeTarget;
			buildConfigurationList = B19D1A1E1A70B1F100563321 /* Build configuration list for PBXNativeTarget "TubulrExtensionTests" */;
			buildPhases = (
				0E13F0B4B9EB86D2941A9DBA /* Check Pods Manifest.lock */,
				B19D1A0D1A70B1F100563321 /* Sources */,
				B19D1A0E1A70B1F100563321 /* Frameworks */,
				B19D1A0F1A70B1F100563321 /* Resources */,
				FEC1FE20F71EC5DB2DFB180D /* Copy Pods Resources */,
			);
			buildRules = (
			);
			dependencies = (
				B10CA6D71A775C3A009CB360 /* PBXTargetDependency */,
				B19D1A131A70B1F100563321 /* PBXTargetDependency */,
			);
			name = TubulrExtensionTests;
			productName = TubulrExtensionTests;
			productReference = B19D1A111A70B1F100563321 /* TubulrExtensionTests.xctest */;
			productType = "com.apple.product-type.bundle.unit-test";
		};
		B19D1A241A70B24500563321 /* TubulrShare */ = {
			isa = PBXNativeTarget;
			buildConfigurationList = B19D1A311A70B24500563321 /* Build configuration list for PBXNativeTarget "TubulrShare" */;
			buildPhases = (
				8753BB8D11EF5F4093D674C4 /* Check Pods Manifest.lock */,
				B19D1A211A70B24500563321 /* Sources */,
				B19D1A221A70B24500563321 /* Frameworks */,
				B19D1A231A70B24500563321 /* Resources */,
				33A569EF481404B9461237E3 /* Copy Pods Resources */,
			);
			buildRules = (
			);
			dependencies = (
			);
			name = TubulrShare;
			productName = TubulrShare;
			productReference = B19D1A251A70B24500563321 /* TubulrShare.appex */;
			productType = "com.apple.product-type.app-extension";
		};
/* End PBXNativeTarget section */

/* Begin PBXProject section */
		B19D19F01A70B1F100563321 /* Project object */ = {
			isa = PBXProject;
			attributes = {
				LastUpgradeCheck = 0610;
				ORGANIZATIONNAME = com.SRLabs;
				TargetAttributes = {
					B19D19F71A70B1F100563321 = {
						CreatedOnToolsVersion = 6.1.1;
						DevelopmentTeam = 3457AE227Q;
						SystemCapabilities = {
							com.apple.ApplicationGroups.iOS = {
								enabled = 1;
							};
						};
					};
					B19D1A101A70B1F100563321 = {
						CreatedOnToolsVersion = 6.1.1;
						TestTargetID = B19D19F71A70B1F100563321;
					};
					B19D1A241A70B24500563321 = {
						CreatedOnToolsVersion = 6.1.1;
						DevelopmentTeam = 3457AE227Q;
						SystemCapabilities = {
							com.apple.ApplicationGroups.iOS = {
								enabled = 1;
							};
						};
					};
				};
			};
			buildConfigurationList = B19D19F31A70B1F100563321 /* Build configuration list for PBXProject "TubulrExtension" */;
			compatibilityVersion = "Xcode 3.2";
			developmentRegion = English;
			hasScannedForEncodings = 0;
			knownRegions = (
				en,
				Base,
			);
			mainGroup = B19D19EF1A70B1F100563321;
			productRefGroup = B19D19F91A70B1F100563321 /* Products */;
			projectDirPath = "";
			projectRoot = "";
			targets = (
				B19D19F71A70B1F100563321 /* TubulrExtension */,
				B19D1A101A70B1F100563321 /* TubulrExtensionTests */,
				B19D1A241A70B24500563321 /* TubulrShare */,
			);
		};
/* End PBXProject section */

/* Begin PBXResourcesBuildPhase section */
		B19D19F61A70B1F100563321 /* Resources */ = {
			isa = PBXResourcesBuildPhase;
			buildActionMask = 2147483647;
			files = (
				B19D1A071A70B1F100563321 /* Main.storyboard in Resources */,
				B19D1A0C1A70B1F100563321 /* LaunchScreen.xib in Resources */,
				B19D1A091A70B1F100563321 /* Images.xcassets in Resources */,
			);
			runOnlyForDeploymentPostprocessing = 0;
		};
		B19D1A0F1A70B1F100563321 /* Resources */ = {
			isa = PBXResourcesBuildPhase;
			buildActionMask = 2147483647;
			files = (
			);
			runOnlyForDeploymentPostprocessing = 0;
		};
		B19D1A231A70B24500563321 /* Resources */ = {
			isa = PBXResourcesBuildPhase;
			buildActionMask = 2147483647;
			files = (
				146649C81A86BCE00089E048 /* VimeoTest_catthoughts.html in Resources */,
				146649C21A86BAE80089E048 /* YoutubeTest_mainpage.html in Resources */,
				B153E7CC1A70E5DB006CCBCA /* TubularView.xib in Resources */,
				1453C3AC1A870BC4002A28A4 /* TubulrVideoURL_TableVC.xib in Resources */,
				146649C41A86BCD60089E048 /* YoutubeTest_buzzfeed.html in Resources */,
				146649C71A86BCE00089E048 /* VimeoTest_mainpage.html in Resources */,
			);
			runOnlyForDeploymentPostprocessing = 0;
		};
/* End PBXResourcesBuildPhase section */

/* Begin PBXShellScriptBuildPhase section */
		0E13F0B4B9EB86D2941A9DBA /* Check Pods Manifest.lock */ = {
			isa = PBXShellScriptBuildPhase;
			buildActionMask = 2147483647;
			files = (
			);
			inputPaths = (
			);
			name = "Check Pods Manifest.lock";
			outputPaths = (
			);
			runOnlyForDeploymentPostprocessing = 0;
			shellPath = /bin/sh;
			shellScript = "diff \"${PODS_ROOT}/../Podfile.lock\" \"${PODS_ROOT}/Manifest.lock\" > /dev/null\nif [[ $? != 0 ]] ; then\n    cat << EOM\nerror: The sandbox is not in sync with the Podfile.lock. Run 'pod install' or update your CocoaPods installation.\nEOM\n    exit 1\nfi\n";
			showEnvVarsInLog = 0;
		};
		33A569EF481404B9461237E3 /* Copy Pods Resources */ = {
			isa = PBXShellScriptBuildPhase;
			buildActionMask = 2147483647;
			files = (
			);
			inputPaths = (
			);
			name = "Copy Pods Resources";
			outputPaths = (
			);
			runOnlyForDeploymentPostprocessing = 0;
			shellPath = /bin/sh;
			shellScript = "\"${SRCROOT}/Pods/Target Support Files/Pods-TubulrShare/Pods-TubulrShare-resources.sh\"\n";
			showEnvVarsInLog = 0;
		};
		5642B7EE2231A7DA050FB1DC /* Check Pods Manifest.lock */ = {
			isa = PBXShellScriptBuildPhase;
			buildActionMask = 2147483647;
			files = (
			);
			inputPaths = (
			);
			name = "Check Pods Manifest.lock";
			outputPaths = (
			);
			runOnlyForDeploymentPostprocessing = 0;
			shellPath = /bin/sh;
			shellScript = "diff \"${PODS_ROOT}/../Podfile.lock\" \"${PODS_ROOT}/Manifest.lock\" > /dev/null\nif [[ $? != 0 ]] ; then\n    cat << EOM\nerror: The sandbox is not in sync with the Podfile.lock. Run 'pod install' or update your CocoaPods installation.\nEOM\n    exit 1\nfi\n";
			showEnvVarsInLog = 0;
		};
		8753BB8D11EF5F4093D674C4 /* Check Pods Manifest.lock */ = {
			isa = PBXShellScriptBuildPhase;
			buildActionMask = 2147483647;
			files = (
			);
			inputPaths = (
			);
			name = "Check Pods Manifest.lock";
			outputPaths = (
			);
			runOnlyForDeploymentPostprocessing = 0;
			shellPath = /bin/sh;
			shellScript = "diff \"${PODS_ROOT}/../Podfile.lock\" \"${PODS_ROOT}/Manifest.lock\" > /dev/null\nif [[ $? != 0 ]] ; then\n    cat << EOM\nerror: The sandbox is not in sync with the Podfile.lock. Run 'pod install' or update your CocoaPods installation.\nEOM\n    exit 1\nfi\n";
			showEnvVarsInLog = 0;
		};
		E2D5EFE97374E4D1E9FA5A10 /* Copy Pods Resources */ = {
			isa = PBXShellScriptBuildPhase;
			buildActionMask = 2147483647;
			files = (
			);
			inputPaths = (
			);
			name = "Copy Pods Resources";
			outputPaths = (
			);
			runOnlyForDeploymentPostprocessing = 0;
			shellPath = /bin/sh;
			shellScript = "\"${SRCROOT}/Pods/Target Support Files/Pods-TubulrExtension/Pods-TubulrExtension-resources.sh\"\n";
			showEnvVarsInLog = 0;
		};
		FEC1FE20F71EC5DB2DFB180D /* Copy Pods Resources */ = {
			isa = PBXShellScriptBuildPhase;
			buildActionMask = 2147483647;
			files = (
			);
			inputPaths = (
			);
			name = "Copy Pods Resources";
			outputPaths = (
			);
			runOnlyForDeploymentPostprocessing = 0;
			shellPath = /bin/sh;
			shellScript = "\"${SRCROOT}/Pods/Target Support Files/Pods-TubulrExtensionTests/Pods-TubulrExtensionTests-resources.sh\"\n";
			showEnvVarsInLog = 0;
		};
/* End PBXShellScriptBuildPhase section */

/* Begin PBXSourcesBuildPhase section */
		B19D19F41A70B1F100563321 /* Sources */ = {
			isa = PBXSourcesBuildPhase;
			buildActionMask = 2147483647;
			files = (
				B1639AE21A81E37D00D0722E /* ServiceAPIManager.m in Sources */,
				B19D1A041A70B1F100563321 /* ViewController.m in Sources */,
				B19D1A011A70B1F100563321 /* AppDelegate.m in Sources */,
				B19D19FE1A70B1F100563321 /* main.m in Sources */,
				B1639AE61A81E48700D0722E /* VimeoVideo.m in Sources */,
				B19388231A83589500771FC4 /* YoutubeVideo.m in Sources */,
			);
			runOnlyForDeploymentPostprocessing = 0;
		};
		B19D1A0D1A70B1F100563321 /* Sources */ = {
			isa = PBXSourcesBuildPhase;
			buildActionMask = 2147483647;
			files = (
				B10CA6D51A775997009CB360 /* TubulrShareTestsSpec.m in Sources */,
			);
			runOnlyForDeploymentPostprocessing = 0;
		};
		B19D1A211A70B24500563321 /* Sources */ = {
			isa = PBXSourcesBuildPhase;
			buildActionMask = 2147483647;
			files = (
				B153E7CF1A70E8FD006CCBCA /* TubularView.m in Sources */,
				B19D1A2B1A70B24500563321 /* ShareViewController.m in Sources */,
				B1639AE71A81E48700D0722E /* VimeoVideo.m in Sources */,
				1453C3AB1A870BC4002A28A4 /* TubulrVideoURL_TableVC.m in Sources */,
				B1639AE31A81E37D00D0722E /* ServiceAPIManager.m in Sources */,
				B19388241A83589500771FC4 /* YoutubeVideo.m in Sources */,
			);
			runOnlyForDeploymentPostprocessing = 0;
		};
/* End PBXSourcesBuildPhase section */

/* Begin PBXTargetDependency section */
		B10CA6D71A775C3A009CB360 /* PBXTargetDependency */ = {
			isa = PBXTargetDependency;
			target = B19D1A241A70B24500563321 /* TubulrShare */;
			targetProxy = B10CA6D61A775C3A009CB360 /* PBXContainerItemProxy */;
		};
		B19D1A131A70B1F100563321 /* PBXTargetDependency */ = {
			isa = PBXTargetDependency;
			target = B19D19F71A70B1F100563321 /* TubulrExtension */;
			targetProxy = B19D1A121A70B1F100563321 /* PBXContainerItemProxy */;
		};
		B19D1A2F1A70B24500563321 /* PBXTargetDependency */ = {
			isa = PBXTargetDependency;
			target = B19D1A241A70B24500563321 /* TubulrShare */;
			targetProxy = B19D1A2E1A70B24500563321 /* PBXContainerItemProxy */;
		};
/* End PBXTargetDependency section */

/* Begin PBXVariantGroup section */
		B19D1A051A70B1F100563321 /* Main.storyboard */ = {
			isa = PBXVariantGroup;
			children = (
				B19D1A061A70B1F100563321 /* Base */,
			);
			name = Main.storyboard;
			sourceTree = "<group>";
		};
		B19D1A0A1A70B1F100563321 /* LaunchScreen.xib */ = {
			isa = PBXVariantGroup;
			children = (
				B19D1A0B1A70B1F100563321 /* Base */,
			);
			name = LaunchScreen.xib;
			sourceTree = "<group>";
		};
/* End PBXVariantGroup section */

/* Begin XCBuildConfiguration section */
		B19D1A191A70B1F100563321 /* Debug */ = {
			isa = XCBuildConfiguration;
			buildSettings = {
				ALWAYS_SEARCH_USER_PATHS = NO;
				CLANG_CXX_LANGUAGE_STANDARD = "gnu++0x";
				CLANG_CXX_LIBRARY = "libc++";
				CLANG_ENABLE_MODULES = YES;
				CLANG_ENABLE_OBJC_ARC = YES;
				CLANG_WARN_BOOL_CONVERSION = YES;
				CLANG_WARN_CONSTANT_CONVERSION = YES;
				CLANG_WARN_DIRECT_OBJC_ISA_USAGE = YES_ERROR;
				CLANG_WARN_EMPTY_BODY = YES;
				CLANG_WARN_ENUM_CONVERSION = YES;
				CLANG_WARN_INT_CONVERSION = YES;
				CLANG_WARN_OBJC_ROOT_CLASS = YES_ERROR;
				CLANG_WARN_UNREACHABLE_CODE = YES;
				CLANG_WARN__DUPLICATE_METHOD_MATCH = YES;
				"CODE_SIGN_IDENTITY[sdk=iphoneos*]" = "iPhone Developer";
				COPY_PHASE_STRIP = NO;
				ENABLE_STRICT_OBJC_MSGSEND = YES;
				GCC_C_LANGUAGE_STANDARD = gnu99;
				GCC_DYNAMIC_NO_PIC = NO;
				GCC_OPTIMIZATION_LEVEL = 0;
				GCC_PREPROCESSOR_DEFINITIONS = (
					"DEBUG=1",
					"$(inherited)",
				);
				GCC_SYMBOLS_PRIVATE_EXTERN = NO;
				GCC_WARN_64_TO_32_BIT_CONVERSION = YES;
				GCC_WARN_ABOUT_RETURN_TYPE = YES_ERROR;
				GCC_WARN_UNDECLARED_SELECTOR = YES;
				GCC_WARN_UNINITIALIZED_AUTOS = YES_AGGRESSIVE;
				GCC_WARN_UNUSED_FUNCTION = YES;
				GCC_WARN_UNUSED_VARIABLE = YES;
				IPHONEOS_DEPLOYMENT_TARGET = 8.1;
				MTL_ENABLE_DEBUG_INFO = YES;
				ONLY_ACTIVE_ARCH = YES;
				SDKROOT = iphoneos;
			};
			name = Debug;
		};
		B19D1A1A1A70B1F100563321 /* Release */ = {
			isa = XCBuildConfiguration;
			buildSettings = {
				ALWAYS_SEARCH_USER_PATHS = NO;
				CLANG_CXX_LANGUAGE_STANDARD = "gnu++0x";
				CLANG_CXX_LIBRARY = "libc++";
				CLANG_ENABLE_MODULES = YES;
				CLANG_ENABLE_OBJC_ARC = YES;
				CLANG_WARN_BOOL_CONVERSION = YES;
				CLANG_WARN_CONSTANT_CONVERSION = YES;
				CLANG_WARN_DIRECT_OBJC_ISA_USAGE = YES_ERROR;
				CLANG_WARN_EMPTY_BODY = YES;
				CLANG_WARN_ENUM_CONVERSION = YES;
				CLANG_WARN_INT_CONVERSION = YES;
				CLANG_WARN_OBJC_ROOT_CLASS = YES_ERROR;
				CLANG_WARN_UNREACHABLE_CODE = YES;
				CLANG_WARN__DUPLICATE_METHOD_MATCH = YES;
				"CODE_SIGN_IDENTITY[sdk=iphoneos*]" = "iPhone Developer";
				COPY_PHASE_STRIP = YES;
				ENABLE_NS_ASSERTIONS = NO;
				ENABLE_STRICT_OBJC_MSGSEND = YES;
				GCC_C_LANGUAGE_STANDARD = gnu99;
				GCC_WARN_64_TO_32_BIT_CONVERSION = YES;
				GCC_WARN_ABOUT_RETURN_TYPE = YES_ERROR;
				GCC_WARN_UNDECLARED_SELECTOR = YES;
				GCC_WARN_UNINITIALIZED_AUTOS = YES_AGGRESSIVE;
				GCC_WARN_UNUSED_FUNCTION = YES;
				GCC_WARN_UNUSED_VARIABLE = YES;
				IPHONEOS_DEPLOYMENT_TARGET = 8.1;
				MTL_ENABLE_DEBUG_INFO = NO;
				SDKROOT = iphoneos;
				VALIDATE_PRODUCT = YES;
			};
			name = Release;
		};
		B19D1A1C1A70B1F100563321 /* Debug */ = {
			isa = XCBuildConfiguration;
			baseConfigurationReference = 23852FB9CED180D14A077714 /* Pods-TubulrExtension.debug.xcconfig */;
			buildSettings = {
				ASSETCATALOG_COMPILER_APPICON_NAME = AppIcon;
				CODE_SIGN_ENTITLEMENTS = TubulrExtension/TubulrExtension.entitlements;
				CODE_SIGN_IDENTITY = "iPhone Developer";
				"CODE_SIGN_IDENTITY[sdk=iphoneos*]" = "iPhone Developer";
				INFOPLIST_FILE = TubulrExtension/Info.plist;
				LD_RUNPATH_SEARCH_PATHS = "$(inherited) @executable_path/Frameworks";
				PRODUCT_NAME = "$(TARGET_NAME)";
				PROVISIONING_PROFILE = "";
			};
			name = Debug;
		};
		B19D1A1D1A70B1F100563321 /* Release */ = {
			isa = XCBuildConfiguration;
			baseConfigurationReference = CB4FCFAB579FBA7F4476DDBD /* Pods-TubulrExtension.release.xcconfig */;
			buildSettings = {
				ASSETCATALOG_COMPILER_APPICON_NAME = AppIcon;
				CODE_SIGN_ENTITLEMENTS = TubulrExtension/TubulrExtension.entitlements;
				CODE_SIGN_IDENTITY = "iPhone Developer";
				"CODE_SIGN_IDENTITY[sdk=iphoneos*]" = "iPhone Developer";
				INFOPLIST_FILE = TubulrExtension/Info.plist;
				LD_RUNPATH_SEARCH_PATHS = "$(inherited) @executable_path/Frameworks";
				PRODUCT_NAME = "$(TARGET_NAME)";
				PROVISIONING_PROFILE = "";
			};
			name = Release;
		};
		B19D1A1F1A70B1F100563321 /* Debug */ = {
			isa = XCBuildConfiguration;
			baseConfigurationReference = 76EB5CBDBF2E094388ED3AF8 /* Pods-TubulrExtensionTests.debug.xcconfig */;
			buildSettings = {
				BUNDLE_LOADER = "$(TEST_HOST)";
				FRAMEWORK_SEARCH_PATHS = (
					"$(SDKROOT)/Developer/Library/Frameworks",
					"$(inherited)",
				);
				GCC_PREPROCESSOR_DEFINITIONS = (
					"DEBUG=1",
					"$(inherited)",
				);
				INFOPLIST_FILE = TubulrExtensionTests/Info.plist;
				LD_RUNPATH_SEARCH_PATHS = "$(inherited) @executable_path/Frameworks @loader_path/Frameworks";
				PRODUCT_NAME = "$(TARGET_NAME)";
				TEST_HOST = "$(BUILT_PRODUCTS_DIR)/TubulrExtension.app/TubulrExtension";
			};
			name = Debug;
		};
		B19D1A201A70B1F100563321 /* Release */ = {
			isa = XCBuildConfiguration;
			baseConfigurationReference = 85C16E930C562A5ED14084C5 /* Pods-TubulrExtensionTests.release.xcconfig */;
			buildSettings = {
				BUNDLE_LOADER = "$(TEST_HOST)";
				FRAMEWORK_SEARCH_PATHS = (
					"$(SDKROOT)/Developer/Library/Frameworks",
					"$(inherited)",
				);
				INFOPLIST_FILE = TubulrExtensionTests/Info.plist;
				LD_RUNPATH_SEARCH_PATHS = "$(inherited) @executable_path/Frameworks @loader_path/Frameworks";
				PRODUCT_NAME = "$(TARGET_NAME)";
				TEST_HOST = "$(BUILT_PRODUCTS_DIR)/TubulrExtension.app/TubulrExtension";
			};
			name = Release;
		};
		B19D1A321A70B24500563321 /* Debug */ = {
			isa = XCBuildConfiguration;
			baseConfigurationReference = B7DDE6A68CFE6C040F691381 /* Pods-TubulrShare.debug.xcconfig */;
			buildSettings = {
				CODE_SIGN_ENTITLEMENTS = TubulrShare/TubulrShare.entitlements;
				CODE_SIGN_IDENTITY = "iPhone Developer";
				"CODE_SIGN_IDENTITY[sdk=iphoneos*]" = "iPhone Developer";
				GCC_PREPROCESSOR_DEFINITIONS = (
					"DEBUG=1",
					"$(inherited)",
				);
				INFOPLIST_FILE = TubulrShare/Info.plist;
				LD_RUNPATH_SEARCH_PATHS = "$(inherited) @executable_path/Frameworks @executable_path/../../Frameworks";
				PRODUCT_NAME = "$(TARGET_NAME)";
				PROVISIONING_PROFILE = "";
				SKIP_INSTALL = YES;
			};
			name = Debug;
		};
		B19D1A331A70B24500563321 /* Release */ = {
			isa = XCBuildConfiguration;
			baseConfigurationReference = D59C80F2329FFFAE8D541413 /* Pods-TubulrShare.release.xcconfig */;
			buildSettings = {
				CODE_SIGN_ENTITLEMENTS = TubulrShare/TubulrShare.entitlements;
				CODE_SIGN_IDENTITY = "iPhone Developer";
				"CODE_SIGN_IDENTITY[sdk=iphoneos*]" = "iPhone Developer";
				INFOPLIST_FILE = TubulrShare/Info.plist;
				LD_RUNPATH_SEARCH_PATHS = "$(inherited) @executable_path/Frameworks @executable_path/../../Frameworks";
				PRODUCT_NAME = "$(TARGET_NAME)";
				PROVISIONING_PROFILE = "";
				SKIP_INSTALL = YES;
			};
			name = Release;
		};
/* End XCBuildConfiguration section */

/* Begin XCConfigurationList section */
		B19D19F31A70B1F100563321 /* Build configuration list for PBXProject "TubulrExtension" */ = {
			isa = XCConfigurationList;
			buildConfigurations = (
				B19D1A191A70B1F100563321 /* Debug */,
				B19D1A1A1A70B1F100563321 /* Release */,
			);
			defaultConfigurationIsVisible = 0;
			defaultConfigurationName = Release;
		};
		B19D1A1B1A70B1F100563321 /* Build configuration list for PBXNativeTarget "TubulrExtension" */ = {
			isa = XCConfigurationList;
			buildConfigurations = (
				B19D1A1C1A70B1F100563321 /* Debug */,
				B19D1A1D1A70B1F100563321 /* Release */,
			);
			defaultConfigurationIsVisible = 0;
			defaultConfigurationName = Release;
		};
		B19D1A1E1A70B1F100563321 /* Build configuration list for PBXNativeTarget "TubulrExtensionTests" */ = {
			isa = XCConfigurationList;
			buildConfigurations = (
				B19D1A1F1A70B1F100563321 /* Debug */,
				B19D1A201A70B1F100563321 /* Release */,
			);
			defaultConfigurationIsVisible = 0;
			defaultConfigurationName = Release;
		};
		B19D1A311A70B24500563321 /* Build configuration list for PBXNativeTarget "TubulrShare" */ = {
			isa = XCConfigurationList;
			buildConfigurations = (
				B19D1A321A70B24500563321 /* Debug */,
				B19D1A331A70B24500563321 /* Release */,
			);
			defaultConfigurationIsVisible = 0;
			defaultConfigurationName = Release;
		};
/* End XCConfigurationList section */
	};
	rootObject = B19D19F01A70B1F100563321 /* Project object */;
}
